
Microsoft Visual Studio Solution File, Format Version 12.00
# Visual Studio Version 16
VisualStudioVersion = 25.0.1706.7
MinimumVisualStudioVersion = 10.0.40219.1
Project("{FAE04EC0-301F-11D3-BF4B-00C04F79EFBC}") = "DYNAMIC", "DYNAMIC.csproj", "{5B1FA972-0B00-478F-B906-B6D18D870869}"
EndProject
Global
	GlobalSection(SolutionConfigurationPlatforms) = preSolution
		Debug|Any CPU = Debug|Any CPU
		Release|Any CPU = Release|Any CPU
	EndGlobalSection
	GlobalSection(ProjectConfigurationPlatforms) = postSolution
		{5B1FA972-0B00-478F-B906-B6D18D870869}.Debug|Any CPU.ActiveCfg = Debug|Any CPU
		{5B1FA972-0B00-478F-B906-B6D18D870869}.Debug|Any CPU.Build.0 = Debug|Any CPU
		{5B1FA972-0B00-478F-B906-B6D18D870869}.Release|Any CPU.ActiveCfg = Release|Any CPU
		{5B1FA972-0B00-478F-B906-B6D18D870869}.Release|Any CPU.Build.0 = Release|Any CPU
	EndGlobalSection
	GlobalSection(SolutionProperties) = preSolution
		HideSolutionNode = FALSE
	EndGlobalSection
	GlobalSection(ExtensibilityGlobals) = postSolution
		SolutionGuid = {8B0F10B3-4835-4D54-8B17-1C403A36165E}
	EndGlobalSection
EndGlobal
